{
  "name": "@esign-cn/openclaw-veriagent",
  "version": "0.0.1",
  "lockfileVersion": 3,
  "requires": true,
  "packages": {
    "": {
      "name": "@esign-cn/openclaw-veriagent",
      "version": "0.0.1",
      "license": "UNLICENSED",
      "dependencies": {
        "@esign-cn/veriagent-core": "0.0.1"
      },
      "bin": {
        "veriagent-openclaw": "scripts/cli.js"
      },
      "engines": {
        "node": ">=18"
      }
    },
    "node_modules/@esign-cn/veriagent-core": {
      "version": "0.0.1",
      "resolved": "https://registry.npmjs.org/@esign-cn/veriagent-core/-/veriagent-core-0.0.1.tgz",
      "integrity": "sha512-0qlhlCK5NvJleIq5mUnzpwWzD2j1OcsWZqeDioafmXDtkejZOjEIrZ2iIX9TwlLVWT6M9dpiis1vIgCE7Uf8fg==",
      "dependencies": {
        "@esign-cn/veriagent-trust": "0.0.1"
      }
    },
    "node_modules/@esign-cn/veriagent-core/node_modules/@esign-cn/veriagent-trust": {
      "version": "0.0.1",
      "resolved": "https://registry.npmjs.org/@esign-cn/veriagent-trust/-/veriagent-trust-0.0.1.tgz",
      "integrity": "sha512-j/V6bvG9nrnBRaC4dK4gWtcxyVMs6ap2cxgt5e8gGOumOVB6QqJrYLLGWNOOHkEuHZXOOcLkVfWqVKzSGM6lWQ==",
      "dependencies": {
        "@napi-rs/keyring": "^1.3.0",
        "chalk": "^4.1.2",
        "commander": "^12.0.0",
        "node-forge": "^1.3.1"
      },
      "bin": {
        "esign-agent-trust": "dist/cli/index.js"
      },
      "engines": {
        "node": ">=18.0.0"
      }
    },
    "node_modules/@napi-rs/keyring": {
      "version": "1.3.0",
      "license": "MIT",
      "engines": {
        "node": ">= 10"
      },
      "funding": {
        "type": "github",
        "url": "https://github.com/sponsors/Brooooooklyn"
      },
      "optionalDependencies": {
        "@napi-rs/keyring-darwin-arm64": "1.3.0",
        "@napi-rs/keyring-darwin-x64": "1.3.0",
        "@napi-rs/keyring-freebsd-x64": "1.3.0",
        "@napi-rs/keyring-linux-arm-gnueabihf": "1.3.0",
        "@napi-rs/keyring-linux-arm64-gnu": "1.3.0",
        "@napi-rs/keyring-linux-arm64-musl": "1.3.0",
        "@napi-rs/keyring-linux-riscv64-gnu": "1.3.0",
        "@napi-rs/keyring-linux-x64-gnu": "1.3.0",
        "@napi-rs/keyring-linux-x64-musl": "1.3.0",
        "@napi-rs/keyring-win32-arm64-msvc": "1.3.0",
        "@napi-rs/keyring-win32-ia32-msvc": "1.3.0",
        "@napi-rs/keyring-win32-x64-msvc": "1.3.0"
      }
    },
    "node_modules/@napi-rs/keyring-darwin-x64": {
      "version": "1.3.0",
      "cpu": [
        "x64"
      ],
      "license": "MIT",
      "optional": true,
      "os": [
        "darwin"
      ],
      "engines": {
        "node": ">= 10"
      }
    },
    "node_modules/ansi-styles": {
      "version": "4.3.0",
      "license": "MIT",
      "dependencies": {
        "color-convert": "^2.0.1"
      },
      "engines": {
        "node": ">=8"
      },
      "funding": {
        "url": "https://github.com/chalk/ansi-styles?sponsor=1"
      }
    },
    "node_modules/chalk": {
      "version": "4.1.2",
      "license": "MIT",
      "dependencies": {
        "ansi-styles": "^4.1.0",
        "supports-color": "^7.1.0"
      },
      "engines": {
        "node": ">=10"
      },
      "funding": {
        "url": "https://github.com/chalk/chalk?sponsor=1"
      }
    },
    "node_modules/color-convert": {
      "version": "2.0.1",
      "license": "MIT",
      "dependencies": {
        "color-name": "~1.1.4"
      },
      "engines": {
        "node": ">=7.0.0"
      }
    },
    "node_modules/color-name": {
      "version": "1.1.4",
      "license": "MIT"
    },
    "node_modules/commander": {
      "version": "12.1.0",
      "license": "MIT",
      "engines": {
        "node": ">=18"
      }
    },
    "node_modules/has-flag": {
      "version": "4.0.0",
      "license": "MIT",
      "engines": {
        "node": ">=8"
      }
    },
    "node_modules/node-forge": {
      "version": "1.4.0",
      "license": "(BSD-3-Clause OR GPL-2.0)",
      "engines": {
        "node": ">= 6.13.0"
      }
    },
    "node_modules/supports-color": {
      "version": "7.2.0",
      "license": "MIT",
      "dependencies": {
        "has-flag": "^4.0.0"
      },
      "engines": {
        "node": ">=8"
      }
    }
  }
}
